<?xml version="1.0" encoding="utf-8"?>
<Project ToolsVersion="4.0" xmlns="http://schemas.microsoft.com/developer/msbuild/2003">
  <ItemGroup>
    <Filter Include="Zdrojové soubory">
      <UniqueIdentifier>{4FC737F1-C7A5-4376-A066-2A32D752A2FF}</UniqueIdentifier>
      <Extensions>cpp;c;cc;cxx;c++;cppm;ixx;def;odl;idl;hpj;bat;asm;asmx</Extensions>
    </Filter>
    <Filter Include="Hlavičkové soubory">
      <UniqueIdentifier>{93995380-89BD-4b04-88EB-625FBE52EBFB}</UniqueIdentifier>
      <Extensions>h;hh;hpp;hxx;h++;hm;inl;inc;ipp;xsd</Extensions>
    </Filter>
    <Filter Include="Soubory zdrojů">
      <UniqueIdentifier>{67DA6AB6-F800-4c08-8B7A-83BB121AAD01}</UniqueIdentifier>
      <Extensions>rc;ico;cur;bmp;dlg;rc2;rct;bin;rgs;gif;jpg;jpeg;jpe;resx;tiff;tif;png;wav;mfcribbon-ms</Extensions>
    </Filter>
  </ItemGroup>
  <ItemGroup>
    <ClCompile Include="MOKtry.cpp">
      <Filter>Zdrojové soubory</Filter>
    </ClCompile>
    <ClCompile Include="lib\micro-ecc\test\test_compress.c">
      <Filter>Zdrojové soubory</Filter>
    </ClCompile>
    <ClCompile Include="lib\micro-ecc\test\test_compute.c">
      <Filter>Zdrojové soubory</Filter>
    </ClCompile>
    <ClCompile Include="lib\micro-ecc\test\test_ecdh.c">
      <Filter>Zdrojové soubory</Filter>
    </ClCompile>
    <ClCompile Include="lib\micro-ecc\test\test_ecdsa.c">
      <Filter>Zdrojové soubory</Filter>
    </ClCompile>
    <ClCompile Include="lib\micro-ecc\uECC.c">
      <Filter>Zdrojové soubory</Filter>
    </ClCompile>
    <ClCompile Include="uECC_List_t.cpp">
      <Filter>Zdrojové soubory</Filter>
    </ClCompile>
    <ClCompile Include="uECC_Parameters_t.cpp">
      <Filter>Zdrojové soubory</Filter>
    </ClCompile>
    <ClCompile Include="wbb.cpp">
      <Filter>Zdrojové soubory</Filter>
    </ClCompile>
    <ClCompile Include="lib\sha256\SHA256.cpp">
      <Filter>Zdrojové soubory</Filter>
    </ClCompile>
    <ClCompile Include="nizkpk_join.cpp">
      <Filter>Zdrojové soubory</Filter>
    </ClCompile>
  </ItemGroup>
  <ItemGroup>
    <ClInclude Include="lib\micro-ecc\types.h">
      <Filter>Hlavičkové soubory</Filter>
    </ClInclude>
    <ClInclude Include="lib\micro-ecc\uECC.h">
      <Filter>Hlavičkové soubory</Filter>
    </ClInclude>
    <ClInclude Include="lib\micro-ecc\uECC_vli.h">
      <Filter>Hlavičkové soubory</Filter>
    </ClInclude>
    <ClInclude Include="types.hpp">
      <Filter>Hlavičkové soubory</Filter>
    </ClInclude>
    <ClInclude Include="uECC_List_t.hpp">
      <Filter>Hlavičkové soubory</Filter>
    </ClInclude>
    <ClInclude Include="uECC_Parameters_t.hpp">
      <Filter>Hlavičkové soubory</Filter>
    </ClInclude>
    <ClInclude Include="wbb.hpp">
      <Filter>Hlavičkové soubory</Filter>
    </ClInclude>
    <ClInclude Include="lib\sha256\SHA256.h">
      <Filter>Hlavičkové soubory</Filter>
    </ClInclude>
    <ClInclude Include="nizkpk_join.hpp">
      <Filter>Hlavičkové soubory</Filter>
    </ClInclude>
  </ItemGroup>
  <ItemGroup>
    <None Include="lib\micro-ecc\asm_arm.inc">
      <Filter>Hlavičkové soubory</Filter>
    </None>
    <None Include="lib\micro-ecc\asm_arm_mult_square.inc">
      <Filter>Hlavičkové soubory</Filter>
    </None>
    <None Include="lib\micro-ecc\asm_arm_mult_square_umaal.inc">
      <Filter>Hlavičkové soubory</Filter>
    </None>
    <None Include="lib\micro-ecc\asm_avr.inc">
      <Filter>Hlavičkové soubory</Filter>
    </None>
    <None Include="lib\micro-ecc\asm_avr_mult_square.inc">
      <Filter>Hlavičkové soubory</Filter>
    </None>
    <None Include="lib\micro-ecc\curve-specific.inc">
      <Filter>Hlavičkové soubory</Filter>
    </None>
    <None Include="lib\micro-ecc\platform-specific.inc">
      <Filter>Hlavičkové soubory</Filter>
    </None>
    <None Include="lib\gmplib\libgmp-13.dll" />
    <None Include="lib\gmplib\libgmpxx-9.dll" />
  </ItemGroup>
  <ItemGroup>
    <Library Include="lib\sslRAK\lib\libssl.lib" />
  </ItemGroup>
</Project>